// !$*UTF8*$!
{
	archiveVersion = 1;
	classes = {
	};
	objectVersion = 46;
	objects = {

/* Begin PBXBuildFile section */
		3202D5F21E9444CB00A08D85 /* Meme.swift in Sources */ = {isa = PBXBuildFile; fileRef = 3202D5F11E9444CB00A08D85 /* Meme.swift */; };
		3216D9FC1E94331D00A18277 /* AppDelegate.swift in Sources */ = {isa = PBXBuildFile; fileRef = 3216D9FB1E94331D00A18277 /* AppDelegate.swift */; };
		3216D9FE1E94331D00A18277 /* MemeEditorViewController.swift in Sources */ = {isa = PBXBuildFile; fileRef = 3216D9FD1E94331D00A18277 /* MemeEditorViewController.swift */; };
		3216DA011E94331D00A18277 /* Main.storyboard in Resources */ = {isa = PBXBuildFile; fileRef = 3216D9FF1E94331D00A18277 /* Main.storyboard */; };
		3216DA031E94331D00A18277 /* Assets.xcassets in Resources */ = {isa = PBXBuildFile; fileRef = 3216DA021E94331D00A18277 /* Assets.xcassets */; };
		3216DA061E94331D00A18277 /* LaunchScreen.storyboard in Resources */ = {isa = PBXBuildFile; fileRef = 3216DA041E94331D00A18277 /* LaunchScreen.storyboard */; };
		D301A62D1E9FD50300E1A8C2 /* MemeTableViewController.swift in Sources */ = {isa = PBXBuildFile; fileRef = D301A62C1E9FD50300E1A8C2 /* MemeTableViewController.swift */; };
		D301A62F1E9FD51800E1A8C2 /* MemeCollectionViewController.swift in Sources */ = {isa = PBXBuildFile; fileRef = D301A62E1E9FD51800E1A8C2 /* MemeCollectionViewController.swift */; };
		D306EDE31EA0015B00F44A45 /* MemeCollectionViewCell.swift in Sources */ = {isa = PBXBuildFile; fileRef = D306EDE21EA0015B00F44A45 /* MemeCollectionViewCell.swift */; };
		D306EDE51EA003A100F44A45 /* MemeTableViewCell.swift in Sources */ = {isa = PBXBuildFile; fileRef = D306EDE41EA003A100F44A45 /* MemeTableViewCell.swift */; };
		D306EDE71EA01E6400F44A45 /* MemeDetailViewController.swift in Sources */ = {isa = PBXBuildFile; fileRef = D306EDE61EA01E6400F44A45 /* MemeDetailViewController.swift */; };
/* End PBXBuildFile section */

/* Begin PBXFileReference section */
		3202D5F11E9444CB00A08D85 /* Meme.swift */ = {isa = PBXFileReference; fileEncoding = 4; lastKnownFileType = sourcecode.swift; path = Meme.swift; sourceTree = "<group>"; };
		3216D9F81E94331D00A18277 /* Meme.app */ = {isa = PBXFileReference; explicitFileType = wrapper.application; includeInIndex = 0; path = Meme.app; sourceTree = BUILT_PRODUCTS_DIR; };
		3216D9FB1E94331D00A18277 /* AppDelegate.swift */ = {isa = PBXFileReference; lastKnownFileType = sourcecode.swift; path = AppDelegate.swift; sourceTree = "<group>"; };
		3216D9FD1E94331D00A18277 /* MemeEditorViewController.swift */ = {isa = PBXFileReference; lastKnownFileType = sourcecode.swift; path = MemeEditorViewController.swift; sourceTree = "<group>"; };
		3216DA001E94331D00A18277 /* Base */ = {isa = PBXFileReference; lastKnownFileType = file.storyboard; name = Base; path = Base.lproj/Main.storyboard; sourceTree = "<group>"; };
		3216DA021E94331D00A18277 /* Assets.xcassets */ = {isa = PBXFileReference; lastKnownFileType = folder.assetcatalog; path = Assets.xcassets; sourceTree = "<group>"; };
		3216DA051E94331D00A18277 /* Base */ = {isa = PBXFileReference; lastKnownFileType = file.storyboard; name = Base; path = Base.lproj/LaunchScreen.storyboard; sourceTree = "<group>"; };
		3216DA071E94331D00A18277 /* Info.plist */ = {isa = PBXFileReference; lastKnownFileType = text.plist.xml; path = Info.plist; sourceTree = "<group>"; };
		D301A62C1E9FD50300E1A8C2 /* MemeTableViewController.swift */ = {isa = PBXFileReference; fileEncoding = 4; lastKnownFileType = sourcecode.swift; path = MemeTableViewController.swift; sourceTree = "<group>"; };
		D301A62E1E9FD51800E1A8C2 /* MemeCollectionViewController.swift */ = {isa = PBXFileReference; fileEncoding = 4; lastKnownFileType = sourcecode.swift; path = MemeCollectionViewController.swift; sourceTree = "<group>"; };
		D306EDE21EA0015B00F44A45 /* MemeCollectionViewCell.swift */ = {isa = PBXFileReference; fileEncoding = 4; lastKnownFileType = sourcecode.swift; path = MemeCollectionViewCell.swift; sourceTree = "<group>"; };
		D306EDE41EA003A100F44A45 /* MemeTableViewCell.swift */ = {isa = PBXFileReference; fileEncoding = 4; lastKnownFileType = sourcecode.swift; path = MemeTableViewCell.swift; sourceTree = "<group>"; };
		D306EDE61EA01E6400F44A45 /* MemeDetailViewController.swift */ = {isa = PBXFileReference; fileEncoding = 4; lastKnownFileType = sourcecode.swift; path = MemeDetailViewController.swift; sourceTree = "<group>"; };
/* End PBXFileReference section */

/* Begin PBXFrameworksBuildPhase section */
		3216D9F51E94331D00A18277 /* Frameworks */ = {
			isa = PBXFrameworksBuildPhase;
			buildActionMask = 2147483647;
			files = (
			);
			runOnlyForDeploymentPostprocessing = 0;
		};
/* End PBXFrameworksBuildPhase section */

/* Begin PBXGroup section */
		3202D5F01E94449A00A08D85 /* Model */ = {
			isa = PBXGroup;
			children = (
				3202D5F11E9444CB00A08D85 /* Meme.swift */,
			);
			path = Model;
			sourceTree = "<group>";
		};
		3216D9EF1E94331D00A18277 = {
			isa = PBXGroup;
			children = (
				3216D9FA1E94331D00A18277 /* Meme */,
				3216D9F91E94331D00A18277 /* Products */,
			);
			sourceTree = "<group>";
		};
		3216D9F91E94331D00A18277 /* Products */ = {
			isa = PBXGroup;
			children = (
				3216D9F81E94331D00A18277 /* Meme.app */,
			);
			name = Products;
			sourceTree = "<group>";
		};
		3216D9FA1E94331D00A18277 /* Meme */ = {
			isa = PBXGroup;
			children = (
				3202D5F01E94449A00A08D85 /* Model */,
				3216D9FB1E94331D00A18277 /* AppDelegate.swift */,
				3216D9FD1E94331D00A18277 /* MemeEditorViewController.swift */,
				D301A62C1E9FD50300E1A8C2 /* MemeTableViewController.swift */,
				D301A62E1E9FD51800E1A8C2 /* MemeCollectionViewController.swift */,
				D306EDE61EA01E6400F44A45 /* MemeDetailViewController.swift */,
				D306EDE41EA003A100F44A45 /* MemeTableViewCell.swift */,
				D306EDE21EA0015B00F44A45 /* MemeCollectionViewCell.swift */,
				3216D9FF1E94331D00A18277 /* Main.storyboard */,
				3216DA021E94331D00A18277 /* Assets.xcassets */,
				3216DA041E94331D00A18277 /* LaunchScreen.storyboard */,
				3216DA071E94331D00A18277 /* Info.plist */,
			);
			path = Meme;
			sourceTree = "<group>";
		};
/* End PBXGroup section */

/* Begin PBXNativeTarget section */
		3216D9F71E94331D00A18277 /* Meme */ = {
			isa = PBXNativeTarget;
			buildConfigurationList = 3216DA0A1E94331D00A18277 /* Build configuration list for PBXNativeTarget "Meme" */;
			buildPhases = (
				3216D9F41E94331D00A18277 /* Sources */,
				3216D9F51E94331D00A18277 /* Frameworks */,
				3216D9F61E94331D00A18277 /* Resources */,
			);
			buildRules = (
			);
			dependencies = (
			);
			name = Meme;
			productName = Meme;
			productReference = 3216D9F81E94331D00A18277 /* Meme.app */;
			productType = "com.apple.product-type.application";
		};
/* End PBXNativeTarget section */

/* Begin PBXProject section */
		3216D9F01E94331D00A18277 /* Project object */ = {
			isa = PBXProject;
			attributes = {
				LastSwiftUpdateCheck = 0830;
				LastUpgradeCheck = 0830;
				TargetAttributes = {
					3216D9F71E94331D00A18277 = {
						CreatedOnToolsVersion = 8.3;
						DevelopmentTeam = 57P3EJEN3F;
						ProvisioningStyle = Automatic;
					};
				};
			};
			buildConfigurationList = 3216D9F31E94331D00A18277 /* Build configuration list for PBXProject "Meme" */;
			compatibilityVersion = "Xcode 3.2";
			developmentRegion = English;
			hasScannedForEncodings = 0;
			knownRegions = (
				en,
				Base,
			);
			mainGroup = 3216D9EF1E94331D00A18277;
			productRefGroup = 3216D9F91E94331D00A18277 /* Products */;
			projectDirPath = "";
			projectRoot = "";
			targets = (
				3216D9F71E94331D00A18277 /* Meme */,
			);
		};
/* End PBXProject section */

/* Begin PBXResourcesBuildPhase section */
		3216D9F61E94331D00A18277 /* Resources */ = {
			isa = PBXResourcesBuildPhase;
			buildActionMask = 2147483647;
			files = (
				3216DA061E94331D00A18277 /* LaunchScreen.storyboard in Resources */,
				3216DA031E94331D00A18277 /* Assets.xcassets in Resources */,
				3216DA011E94331D00A18277 /* Main.storyboard in Resources */,
			);
			runOnlyForDeploymentPostprocessing = 0;
		};
/* End PBXResourcesBuildPhase section */

/* Begin PBXSourcesBuildPhase section */
		3216D9F41E94331D00A18277 /* Sources */ = {
			isa = PBXSourcesBuildPhase;
			buildActionMask = 2147483647;
			files = (
				D306EDE31EA0015B00F44A45 /* MemeCollectionViewCell.swift in Sources */,
				3202D5F21E9444CB00A08D85 /* Meme.swift in Sources */,
				3216D9FE1E94331D00A18277 /* MemeEditorViewController.swift in Sources */,
				D301A62F1E9FD51800E1A8C2 /* MemeCollectionViewController.swift in Sources */,
				D306EDE51EA003A100F44A45 /* MemeTableViewCell.swift in Sources */,
				3216D9FC1E94331D00A18277 /* AppDelegate.swift in Sources */,
				D301A62D1E9FD50300E1A8C2 /* MemeTableViewController.swift in Sources */,
				D306EDE71EA01E6400F44A45 /* MemeDetailViewController.swift in Sources */,
			);
			runOnlyForDeploymentPostprocessing = 0;
		};
/* End PBXSourcesBuildPhase section */

/* Begin PBXVariantGroup section */
		3216D9FF1E94331D00A18277 /* Main.storyboard */ = {
			isa = PBXVariantGroup;
			children = (
				3216DA001E94331D00A18277 /* Base */,
			);
			name = Main.storyboard;
			sourceTree = "<group>";
		};
		3216DA041E94331D00A18277 /* LaunchScreen.storyboard */ = {
			isa = PBXVariantGroup;
			children = (
				3216DA051E94331D00A18277 /* Base */,
			);
			name = LaunchScreen.storyboard;
			sourceTree = "<group>";
		};
/* End PBXVariantGroup section */

/* Begin XCBuildConfiguration section */
		3216DA081E94331D00A18277 /* Debug */ = {
			isa = XCBuildConfiguration;
			buildSettings = {
				ALWAYS_SEARCH_USER_PATHS = NO;
				CLANG_ANALYZER_NONNULL = YES;
				CLANG_ANALYZER_NUMBER_OBJECT_CONVERSION = YES_AGGRESSIVE;
				CLANG_CXX_LANGUAGE_STANDARD = "gnu++0x";
				CLANG_CXX_LIBRARY = "libc++";
				CLANG_ENABLE_MODULES = YES;
				CLANG_ENABLE_OBJC_ARC = YES;
				CLANG_WARN_BOOL_CONVERSION = YES;
				CLANG_WARN_CONSTANT_CONVERSION = YES;
				CLANG_WARN_DIRECT_OBJC_ISA_USAGE = YES_ERROR;
				CLANG_WARN_DOCUMENTATION_COMMENTS = YES;
				CLANG_WARN_EMPTY_BODY = YES;
				CLANG_WARN_ENUM_CONVERSION = YES;
				CLANG_WARN_INFINITE_RECURSION = YES;
				CLANG_WARN_INT_CONVERSION = YES;
				CLANG_WARN_OBJC_ROOT_CLASS = YES_ERROR;
				CLANG_WARN_SUSPICIOUS_MOVE = YES;
				CLANG_WARN_UNREACHABLE_CODE = YES;
				CLANG_WARN__DUPLICATE_METHOD_MATCH = YES;
				"CODE_SIGN_IDENTITY[sdk=iphoneos*]" = "iPhone Developer";
				COPY_PHASE_STRIP = NO;
				DEBUG_INFORMATION_FORMAT = dwarf;
				ENABLE_STRICT_OBJC_MSGSEND = YES;
				ENABLE_TESTABILITY = YES;
				GCC_C_LANGUAGE_STANDARD = gnu99;
				GCC_DYNAMIC_NO_PIC = NO;
				GCC_NO_COMMON_BLOCKS = YES;
				GCC_OPTIMIZATION_LEVEL = 0;
				GCC_PREPROCESSOR_DEFINITIONS = (
					"DEBUG=1",
					"$(inherited)",
				);
				GCC_WARN_64_TO_32_BIT_CONVERSION = YES;
				GCC_WARN_ABOUT_RETURN_TYPE = YES_ERROR;
				GCC_WARN_UNDECLARED_SELECTOR = YES;
				GCC_WARN_UNINITIALIZED_AUTOS = YES_AGGRESSIVE;
				GCC_WARN_UNUSED_FUNCTION = YES;
				GCC_WARN_UNUSED_VARIABLE = YES;
				IPHONEOS_DEPLOYMENT_TARGET = 10.3;
				MTL_ENABLE_DEBUG_INFO = YES;
				ONLY_ACTIVE_ARCH = YES;
				SDKROOT = iphoneos;
				SWIFT_ACTIVE_COMPILATION_CONDITIONS = DEBUG;
				SWIFT_OPTIMIZATION_LEVEL = "-Onone";
				TARGETED_DEVICE_FAMILY = "1,2";
			};
			name = Debug;
		};
		3216DA091E94331D00A18277 /* Release */ = {
			isa = XCBuildConfiguration;
			buildSettings = {
				ALWAYS_SEARCH_USER_PATHS = NO;
				CLANG_ANALYZER_NONNULL = YES;
				CLANG_ANALYZER_NUMBER_OBJECT_CONVERSION = YES_AGGRESSIVE;
				CLANG_CXX_LANGUAGE_STANDARD = "gnu++0x";
				CLANG_CXX_LIBRARY = "libc++";
				CLANG_ENABLE_MODULES = YES;
				CLANG_ENABLE_OBJC_ARC = YES;
				CLANG_WARN_BOOL_CONVERSION = YES;
				CLANG_WARN_CONSTANT_CONVERSION = YES;
				CLANG_WARN_DIRECT_OBJC_ISA_USAGE = YES_ERROR;
				CLANG_WARN_DOCUMENTATION_COMMENTS = YES;
				CLANG_WARN_EMPTY_BODY = YES;
				CLANG_WARN_ENUM_CONVERSION = YES;
				CLANG_WARN_INFINITE_RECURSION = YES;
				CLANG_WARN_INT_CONVERSION = YES;
				CLANG_WARN_OBJC_ROOT_CLASS = YES_ERROR;
				CLANG_WARN_SUSPICIOUS_MOVE = YES;
				CLANG_WARN_UNREACHABLE_CODE = YES;
				CLANG_WARN__DUPLICATE_METHOD_MATCH = YES;
				"CODE_SIGN_IDENTITY[sdk=iphoneos*]" = "iPhone Developer";
				COPY_PHASE_STRIP = NO;
				DEBUG_INFORMATION_FORMAT = "dwarf-with-dsym";
				ENABLE_NS_ASSERTIONS = NO;
				ENABLE_STRICT_OBJC_MSGSEND = YES;
				GCC_C_LANGUAGE_STANDARD = gnu99;
				GCC_NO_COMMON_BLOCKS = YES;
				GCC_WARN_64_TO_32_BIT_CONVERSION = YES;
				GCC_WARN_ABOUT_RETURN_TYPE = YES_ERROR;
				GCC_WARN_UNDECLARED_SELECTOR = YES;
				GCC_WARN_UNINITIALIZED_AUTOS = YES_AGGRESSIVE;
				GCC_WARN_UNUSED_FUNCTION = YES;
				GCC_WARN_UNUSED_VARIABLE = YES;
				IPHONEOS_DEPLOYMENT_TARGET = 10.3;
				MTL_ENABLE_DEBUG_INFO = NO;
				SDKROOT = iphoneos;
				SWIFT_OPTIMIZATION_LEVEL = "-Owholemodule";
				TARGETED_DEVICE_FAMILY = "1,2";
				VALIDATE_PRODUCT = YES;
			};
			name = Release;
		};
		3216DA0B1E94331D00A18277 /* Debug */ = {
			isa = XCBuildConfiguration;
			buildSettings = {
				ASSETCATALOG_COMPILER_APPICON_NAME = AppIcon;
				DEVELOPMENT_TEAM = 57P3EJEN3F;
				INFOPLIST_FILE = Meme/Info.plist;
				LD_RUNPATH_SEARCH_PATHS = "$(inherited) @executable_path/Frameworks";
				PRODUCT_BUNDLE_IDENTIFIER = com.cwx.Meme;
				PRODUCT_NAME = "$(TARGET_NAME)";
				SWIFT_VERSION = 3.0;
			};
			name = Debug;
		};
		3216DA0C1E94331D00A18277 /* Release */ = {
			isa = XCBuildConfiguration;
			buildSettings = {
				ASSETCATALOG_COMPILER_APPICON_NAME = AppIcon;
				DEVELOPMENT_TEAM = 57P3EJEN3F;
				INFOPLIST_FILE = Meme/Info.plist;
				LD_RUNPATH_SEARCH_PATHS = "$(inherited) @executable_path/Frameworks";
				PRODUCT_BUNDLE_IDENTIFIER = com.cwx.Meme;
				PRODUCT_NAME = "$(TARGET_NAME)";
				SWIFT_VERSION = 3.0;
			};
			name = Release;
		};
/* End XCBuildConfiguration section */

/* Begin XCConfigurationList section */
		3216D9F31E94331D00A18277 /* Build configuration list for PBXProject "Meme" */ = {
			isa = XCConfigurationList;
			buildConfigurations = (
				3216DA081E94331D00A18277 /* Debug */,
				3216DA091E94331D00A18277 /* Release */,
			);
			defaultConfigurationIsVisible = 0;
			defaultConfigurationName = Release;
		};
		3216DA0A1E94331D00A18277 /* Build configuration list for PBXNativeTarget "Meme" */ = {
			isa = XCConfigurationList;
			buildConfigurations = (
				3216DA0B1E94331D00A18277 /* Debug */,
				3216DA0C1E94331D00A18277 /* Release */,
			);
			defaultConfigurationIsVisible = 0;
			defaultConfigurationName = Release;
		};
/* End XCConfigurationList section */
	};
	rootObject = 3216D9F01E94331D00A18277 /* Project object */;
}
